<?xml version="1.0" encoding="utf-8"?>
<Project ToolsVersion="4.0" xmlns="http://schemas.microsoft.com/developer/msbuild/2003">
  <ItemGroup>
    <Filter Include="Source Files">
      <UniqueIdentifier>{4FC737F1-C7A5-4376-A066-2A32D752A2FF}</UniqueIdentifier>
      <Extensions>cpp;c;cc;cxx;def;odl;idl;hpj;bat;asm;asmx</Extensions>
    </Filter>
    <Filter Include="Header Files">
      <UniqueIdentifier>{93995380-89BD-4b04-88EB-625FBE52EBFB}</UniqueIdentifier>
      <Extensions>h;hh;hpp;hxx;hm;inl;inc;ipp;xsd</Extensions>
    </Filter>
    <Filter Include="Resource Files">
      <UniqueIdentifier>{67DA6AB6-F800-4c08-8B7A-83BB121AAD01}</UniqueIdentifier>
      <Extensions>rc;ico;cur;bmp;dlg;rc2;rct;bin;rgs;gif;jpg;jpeg;jpe;resx;tiff;tif;png;wav;mfcribbon-ms</Extensions>
    </Filter>
  </ItemGroup>
  <ItemGroup>
    <ClCompile Include="main.cpp">
      <Filter>Source Files</Filter>
    </ClCompile>
    <ClCompile Include="system\Object3D.cpp">
      <Filter>Source Files</Filter>
    </ClCompile>
    <ClCompile Include="system\Object3DBehaviour.cpp">
      <Filter>Source Files</Filter>
    </ClCompile>
    <ClCompile Include="system\ShaderFunc.cpp">
      <Filter>Source Files</Filter>
    </ClCompile>
    <ClCompile Include="system\Window.cpp">
      <Filter>Source Files</Filter>
    </ClCompile>
    <ClCompile Include="system\zTexture.cpp">
      <Filter>Source Files</Filter>
    </ClCompile>
    <ClCompile Include="renderers\Renderer.cpp">
      <Filter>Source Files</Filter>
    </ClCompile>
    <ClCompile Include="renderers\Renderer01.cpp">
      <Filter>Source Files</Filter>
    </ClCompile>
    <ClCompile Include="scenes\Scene.cpp">
      <Filter>Source Files</Filter>
    </ClCompile>
    <ClCompile Include="renderpass\GBufferPass.cpp">
      <Filter>Source Files</Filter>
    </ClCompile>
    <ClCompile Include="renderpass\PbrShadingPass.cpp">
      <Filter>Source Files</Filter>
    </ClCompile>
    <ClCompile Include="renderpass\RecordLightDepthPass.cpp">
      <Filter>Source Files</Filter>
    </ClCompile>
    <ClCompile Include="renderpass\RenderPass.cpp">
      <Filter>Source Files</Filter>
    </ClCompile>
    <ClCompile Include="renderpass\ShadowmapPass.cpp">
      <Filter>Source Files</Filter>
    </ClCompile>
    <ClCompile Include="objects\Box.cpp">
      <Filter>Source Files</Filter>
    </ClCompile>
    <ClCompile Include="objects\Object.cpp">
      <Filter>Source Files</Filter>
    </ClCompile>
    <ClCompile Include="objects\ObjMesh.cpp">
      <Filter>Source Files</Filter>
    </ClCompile>
    <ClCompile Include="objects\Plane.cpp">
      <Filter>Source Files</Filter>
    </ClCompile>
    <ClCompile Include="objects\PlaneBoth.cpp">
      <Filter>Source Files</Filter>
    </ClCompile>
    <ClCompile Include="objects\Quad.cpp">
      <Filter>Source Files</Filter>
    </ClCompile>
    <ClCompile Include="objects\Shape.cpp">
      <Filter>Source Files</Filter>
    </ClCompile>
    <ClCompile Include="objects\Torus.cpp">
      <Filter>Source Files</Filter>
    </ClCompile>
    <ClCompile Include="meshMaterials\MeshMaterial.cpp">
      <Filter>Source Files</Filter>
    </ClCompile>
    <ClCompile Include="meshMaterials\PbrMeshMaterial.cpp">
      <Filter>Source Files</Filter>
    </ClCompile>
    <ClCompile Include="meshMaterials\TextureMeshMaterial.cpp">
      <Filter>Source Files</Filter>
    </ClCompile>
    <ClCompile Include="meshes\Mesh.cpp">
      <Filter>Source Files</Filter>
    </ClCompile>
    <ClCompile Include="meshes\ModelMesh.cpp">
      <Filter>Source Files</Filter>
    </ClCompile>
    <ClCompile Include="meshes\PlaneMesh.cpp">
      <Filter>Source Files</Filter>
    </ClCompile>
    <ClCompile Include="meshes\QuadScreenMesh.cpp">
      <Filter>Source Files</Filter>
    </ClCompile>
    <ClCompile Include="meshes\TorusMesh.cpp">
      <Filter>Source Files</Filter>
    </ClCompile>
    <ClCompile Include="lights\DirectionalLight.cpp">
      <Filter>Source Files</Filter>
    </ClCompile>
    <ClCompile Include="lights\Light.cpp">
      <Filter>Source Files</Filter>
    </ClCompile>
    <ClCompile Include="lights\PointLight.cpp">
      <Filter>Source Files</Filter>
    </ClCompile>
    <ClCompile Include="lights\SpotLight.cpp">
      <Filter>Source Files</Filter>
    </ClCompile>
    <ClCompile Include="camera\Camera.cpp">
      <Filter>Source Files</Filter>
    </ClCompile>
    <ClCompile Include="behaviours\TestBehaviour.cpp">
      <Filter>Source Files</Filter>
    </ClCompile>
    <ClCompile Include="apps\AppBase.cpp">
      <Filter>Source Files</Filter>
    </ClCompile>
    <ClCompile Include="apps\TestApp.cpp">
      <Filter>Source Files</Filter>
    </ClCompile>
    <ClCompile Include="renderers\TestRenderer.cpp">
      <Filter>Source Files</Filter>
    </ClCompile>
    <ClCompile Include="renderpass\TestPass.cpp">
      <Filter>Source Files</Filter>
    </ClCompile>
    <ClCompile Include="apps\TestApp2.cpp">
      <Filter>Source Files</Filter>
    </ClCompile>
  </ItemGroup>
  <ItemGroup>
    <ClInclude Include="system\defines.h">
      <Filter>Header Files</Filter>
    </ClInclude>
    <ClInclude Include="system\Fractory.h">
      <Filter>Header Files</Filter>
    </ClInclude>
    <ClInclude Include="system\Object3D.hpp">
      <Filter>Header Files</Filter>
    </ClInclude>
    <ClInclude Include="system\Object3DBehaviour.hpp">
      <Filter>Header Files</Filter>
    </ClInclude>
    <ClInclude Include="system\Object3DBehaviourList.h">
      <Filter>Header Files</Filter>
    </ClInclude>
    <ClInclude Include="system\ShaderFunc.hpp">
      <Filter>Header Files</Filter>
    </ClInclude>
    <ClInclude Include="system\Window.hpp">
      <Filter>Header Files</Filter>
    </ClInclude>
    <ClInclude Include="system\zTexture.hpp">
      <Filter>Header Files</Filter>
    </ClInclude>
    <ClInclude Include="renderers\Renderer.hpp">
      <Filter>Header Files</Filter>
    </ClInclude>
    <ClInclude Include="renderers\Renderer01.hpp">
      <Filter>Header Files</Filter>
    </ClInclude>
    <ClInclude Include="scenes\Scene.hpp">
      <Filter>Header Files</Filter>
    </ClInclude>
    <ClInclude Include="renderpass\GBufferPass.hpp">
      <Filter>Header Files</Filter>
    </ClInclude>
    <ClInclude Include="renderpass\PbrShadingPass.hpp">
      <Filter>Header Files</Filter>
    </ClInclude>
    <ClInclude Include="renderpass\RecordLightDepthPass.hpp">
      <Filter>Header Files</Filter>
    </ClInclude>
    <ClInclude Include="renderpass\RenderPass.hpp">
      <Filter>Header Files</Filter>
    </ClInclude>
    <ClInclude Include="renderpass\ShadowmapPass.hpp">
      <Filter>Header Files</Filter>
    </ClInclude>
    <ClInclude Include="objects\Torus.hpp">
      <Filter>Header Files</Filter>
    </ClInclude>
    <ClInclude Include="objects\Box.hpp">
      <Filter>Header Files</Filter>
    </ClInclude>
    <ClInclude Include="objects\Object.hpp">
      <Filter>Header Files</Filter>
    </ClInclude>
    <ClInclude Include="objects\ObjMesh.hpp">
      <Filter>Header Files</Filter>
    </ClInclude>
    <ClInclude Include="objects\Plane.hpp">
      <Filter>Header Files</Filter>
    </ClInclude>
    <ClInclude Include="objects\PlaneBoth.hpp">
      <Filter>Header Files</Filter>
    </ClInclude>
    <ClInclude Include="objects\Quad.hpp">
      <Filter>Header Files</Filter>
    </ClInclude>
    <ClInclude Include="objects\Shape.hpp">
      <Filter>Header Files</Filter>
    </ClInclude>
    <ClInclude Include="meshMaterials\TextureMeshMaterial.hpp">
      <Filter>Header Files</Filter>
    </ClInclude>
    <ClInclude Include="meshMaterials\MeshMaterial.hpp">
      <Filter>Header Files</Filter>
    </ClInclude>
    <ClInclude Include="meshMaterials\PbrMeshMaterial.hpp">
      <Filter>Header Files</Filter>
    </ClInclude>
    <ClInclude Include="meshes\Mesh.hpp">
      <Filter>Header Files</Filter>
    </ClInclude>
    <ClInclude Include="meshes\ModelMesh.hpp">
      <Filter>Header Files</Filter>
    </ClInclude>
    <ClInclude Include="meshes\PlaneMesh.hpp">
      <Filter>Header Files</Filter>
    </ClInclude>
    <ClInclude Include="meshes\QuadScreenMesh.hpp">
      <Filter>Header Files</Filter>
    </ClInclude>
    <ClInclude Include="meshes\TorusMesh.hpp">
      <Filter>Header Files</Filter>
    </ClInclude>
    <ClInclude Include="lights\DirectionalLight.hpp">
      <Filter>Header Files</Filter>
    </ClInclude>
    <ClInclude Include="lights\Light.hpp">
      <Filter>Header Files</Filter>
    </ClInclude>
    <ClInclude Include="lights\PointLight.hpp">
      <Filter>Header Files</Filter>
    </ClInclude>
    <ClInclude Include="lights\SpotLight.hpp">
      <Filter>Header Files</Filter>
    </ClInclude>
    <ClInclude Include="camera\Camera.hpp">
      <Filter>Header Files</Filter>
    </ClInclude>
    <ClInclude Include="behaviours\TestBehaviour.hpp">
      <Filter>Header Files</Filter>
    </ClInclude>
    <ClInclude Include="apps\AppBase.hpp">
      <Filter>Header Files</Filter>
    </ClInclude>
    <ClInclude Include="apps\TestApp.hpp">
      <Filter>Header Files</Filter>
    </ClInclude>
    <ClInclude Include="renderers\TestRenderer.h">
      <Filter>Header Files</Filter>
    </ClInclude>
    <ClInclude Include="renderpass\TestPass.h">
      <Filter>Header Files</Filter>
    </ClInclude>
    <ClInclude Include="apps\TestApp2.h">
      <Filter>Header Files</Filter>
    </ClInclude>
  </ItemGroup>
  <ItemGroup>
    <Image Include="assets\images\alphaTex.dds" />
    <Image Include="assets\images\floor.dds" />
    <Image Include="assets\images\floor.jpg">
      <Filter>Resource Files</Filter>
    </Image>
    <Image Include="assets\images\floor_normal.dds" />
    <Image Include="assets\images\floor_normal.jpg">
      <Filter>Resource Files</Filter>
    </Image>
    <Image Include="assets\images\green.dds" />
    <Image Include="assets\images\ogre_diffuse.dds" />
    <Image Include="assets\images\ogre_normalmap.dds" />
    <Image Include="assets\images\green.png">
      <Filter>Resource Files</Filter>
    </Image>
    <Image Include="assets\images\floor_normal.png">
      <Filter>Resource Files</Filter>
    </Image>
    <Image Include="assets\images\floor.png">
      <Filter>Resource Files</Filter>
    </Image>
  </ItemGroup>
  <ItemGroup>
    <None Include="shaders\gBufferPass.frag" />
    <None Include="shaders\gBufferPass.vert" />
    <None Include="shaders\init.frag" />
    <None Include="shaders\init.vert" />
    <None Include="shaders\pbrShadingPass.frag" />
    <None Include="shaders\pbrShadingPass.vert" />
    <None Include="shaders\recordLightDepthPass.frag" />
    <None Include="shaders\recordLightDepthPass.vert" />
    <None Include="shaders\shadingPass.frag" />
    <None Include="shaders\shadingPass.vert" />
    <None Include="shaders\shadowmap.frag" />
    <None Include="shaders\shadowmap.vert" />
    <None Include="shaders\shadowmappass.frag" />
    <None Include="shaders\shadowmappass.vert" />
    <None Include="shaders\shadowPass.frag" />
    <None Include="shaders\shadowPass.vert" />
    <None Include="shaders\simple.frag" />
    <None Include="shaders\simple.vert" />
  </ItemGroup>
</Project>